{
  "name": "vidyasagar_pandikashala_divya_sachin_swathi_graded_project_javascript",
  "version": "1.0.0",
  "lockfileVersion": 2,
  "requires": true,
  "packages": {
    "": {
      "name": "vidyasagar_pandikashala_divya_sachin_swathi_graded_project_javascript",
      "version": "1.0.0",
      "license": "ISC"
    }
  }
}
